# This file is autogenerated, do not edit; changes may be undone by the next 'dep ensure'.


[[projects]]
  name = "github.com/aws/aws-sdk-go"
  packages = ["aws","aws/awserr","aws/awsutil","aws/client","aws/client/metadata","aws/corehandlers","aws/credentials","aws/credentials/ec2rolecreds","aws/credentials/endpointcreds","aws/credentials/stscreds","aws/defaults","aws/ec2metadata","aws/endpoints","aws/request","aws/session","aws/signer/v4","internal/shareddefaults","private/protocol","private/protocol/query","private/protocol/query/queryutil","private/protocol/rest","private/protocol/restxml","private/protocol/xml/xmlutil","service/s3","service/s3/s3iface","service/s3/s3manager","service/sts"]
  revision = "a32b1dcd091264b5dee7b386149b6cc3823395c9"
  version = "v1.12.31"

[[projects]]
  branch = "master"
  name = "github.com/btcsuite/btcd"
  packages = ["blockchain","btcec","chaincfg","chaincfg/chainhash","database","database/ffldb","database/internal/treap","limits","txscript","wire"]
  revision = "8cea3866d0f7fb12d567a20744942c0d078c7d15"

[[projects]]
  branch = "master"
  name = "github.com/btcsuite/btclog"
  packages = ["."]
  revision = "84c8d2346e9fc8c7b947e243b9c24e6df9fd206a"

[[projects]]
  branch = "master"
  name = "github.com/btcsuite/btcutil"
  packages = [".","base58","bech32"]
  revision = "501929d3d046174c3d39f0ea54ece471aa17238c"

[[projects]]
  branch = "master"
  name = "github.com/btcsuite/goleveldb"
  packages = ["leveldb","leveldb/cache","leveldb/comparer","leveldb/errors","leveldb/filter","leveldb/iterator","leveldb/journal","leveldb/memdb","leveldb/opt","leveldb/storage","leveldb/table","leveldb/util"]
  revision = "7834afc9e8cd15233b6c3d97e12674a31ca24602"

[[projects]]
  branch = "master"
  name = "github.com/btcsuite/snappy-go"
  packages = ["."]
  revision = "0bdef8d067237991ddaa1bb6072a740bc40601ba"

[[projects]]
  name = "github.com/go-ini/ini"
  packages = ["."]
  revision = "32e4c1e6bc4e7d0d8451aa6b75200d19e37a536a"
  version = "v1.32.0"

[[projects]]
  name = "github.com/jessevdk/go-flags"
  packages = ["."]
  revision = "96dc06278ce32a0e9d957d590bb987c81ee66407"
  version = "v1.3.0"

[[projects]]
  name = "github.com/jmespath/go-jmespath"
  packages = ["."]
  revision = "0b12d6b5"

[[projects]]
  branch = "master"
  name = "golang.org/x/crypto"
  packages = ["ripemd160"]
  revision = "9f005a07e0d31d45e6656d241bb5c0f2efd4bc94"

[solve-meta]
  analyzer-name = "dep"
  analyzer-version = 1
  inputs-digest = "001110c824854cfef10ab6cc97a7acc0f014276aabb5efe0434bb009f6c8a851"
  solver-name = "gps-cdcl"
  solver-version = 1
